
Microsoft Visual Studio Solution File, Format Version 12.00
Project("{FAE04EC0-301F-11D3-BF4B-00C04F79EFBC}") = "APBDProjekt", "APBDProjekt\APBDProjekt.csproj", "{4CAFB7D1-6649-4078-B895-47512C8E74D1}"
EndProject
Global
	GlobalSection(SolutionConfigurationPlatforms) = preSolution
		Debug|Any CPU = Debug|Any CPU
		Release|Any CPU = Release|Any CPU
	EndGlobalSection
	GlobalSection(ProjectConfigurationPlatforms) = postSolution
		{4CAFB7D1-6649-4078-B895-47512C8E74D1}.Debug|Any CPU.ActiveCfg = Debug|Any CPU
		{4CAFB7D1-6649-4078-B895-47512C8E74D1}.Debug|Any CPU.Build.0 = Debug|Any CPU
		{4CAFB7D1-6649-4078-B895-47512C8E74D1}.Release|Any CPU.ActiveCfg = Release|Any CPU
		{4CAFB7D1-6649-4078-B895-47512C8E74D1}.Release|Any CPU.Build.0 = Release|Any CPU
	EndGlobalSection
EndGlobal
